
Microsoft Visual Studio Solution File, Format Version 12.00
# Visual Studio Version 16
VisualStudioVersion = 16.0.29806.167
MinimumVisualStudioVersion = 10.0.40219.1
Project("{FAE04EC0-301F-11D3-BF4B-00C04F79EFBC}") = "lab3", "lab3\lab3.csproj", "{54B77130-8108-4EA7-96E0-F93D5468E613}"
EndProject
Project("{FAE04EC0-301F-11D3-BF4B-00C04F79EFBC}") = "LibLab3", "LibLab3\LibLab3.csproj", "{D826A0A8-E455-42BE-944D-711AEBBAA5A6}"
EndProject
Global
	GlobalSection(SolutionConfigurationPlatforms) = preSolution
		Debug|Any CPU = Debug|Any CPU
		Release|Any CPU = Release|Any CPU
	EndGlobalSection
	GlobalSection(ProjectConfigurationPlatforms) = postSolution
		{54B77130-8108-4EA7-96E0-F93D5468E613}.Debug|Any CPU.ActiveCfg = Debug|Any CPU
		{54B77130-8108-4EA7-96E0-F93D5468E613}.Debug|Any CPU.Build.0 = Debug|Any CPU
		{54B77130-8108-4EA7-96E0-F93D5468E613}.Release|Any CPU.ActiveCfg = Release|Any CPU
		{54B77130-8108-4EA7-96E0-F93D5468E613}.Release|Any CPU.Build.0 = Release|Any CPU
		{D826A0A8-E455-42BE-944D-711AEBBAA5A6}.Debug|Any CPU.ActiveCfg = Debug|Any CPU
		{D826A0A8-E455-42BE-944D-711AEBBAA5A6}.Debug|Any CPU.Build.0 = Debug|Any CPU
		{D826A0A8-E455-42BE-944D-711AEBBAA5A6}.Release|Any CPU.ActiveCfg = Release|Any CPU
		{D826A0A8-E455-42BE-944D-711AEBBAA5A6}.Release|Any CPU.Build.0 = Release|Any CPU
	EndGlobalSection
	GlobalSection(SolutionProperties) = preSolution
		HideSolutionNode = FALSE
	EndGlobalSection
	GlobalSection(ExtensibilityGlobals) = postSolution
		SolutionGuid = {34E3A900-84ED-48C1-92F6-1602B3CB839D}
	EndGlobalSection
EndGlobal
